
Microsoft Visual Studio Solution File, Format Version 12.00
# Visual Studio Version 16
VisualStudioVersion = 16.0.31205.134
MinimumVisualStudioVersion = 10.0.40219.1
Project("{FAE04EC0-301F-11D3-BF4B-00C04F79EFBC}") = "FirstEFCoreApplication", "FirstEFCoreApplication\FirstEFCoreApplication.csproj", "{50E3809B-53F4-4908-86CC-37AA254873A6}"
EndProject
Global
	GlobalSection(SolutionConfigurationPlatforms) = preSolution
		Debug|Any CPU = Debug|Any CPU
		Release|Any CPU = Release|Any CPU
	EndGlobalSection
	GlobalSection(ProjectConfigurationPlatforms) = postSolution
		{50E3809B-53F4-4908-86CC-37AA254873A6}.Debug|Any CPU.ActiveCfg = Debug|Any CPU
		{50E3809B-53F4-4908-86CC-37AA254873A6}.Debug|Any CPU.Build.0 = Debug|Any CPU
		{50E3809B-53F4-4908-86CC-37AA254873A6}.Release|Any CPU.ActiveCfg = Release|Any CPU
		{50E3809B-53F4-4908-86CC-37AA254873A6}.Release|Any CPU.Build.0 = Release|Any CPU
	EndGlobalSection
	GlobalSection(SolutionProperties) = preSolution
		HideSolutionNode = FALSE
	EndGlobalSection
	GlobalSection(ExtensibilityGlobals) = postSolution
		SolutionGuid = {4126F87D-F6A2-4A30-BFBD-A38213398880}
	EndGlobalSection
EndGlobal
